{
  "name": "get-object-from-json",
  "version": "2.0.0",
  "lockfileVersion": 1,
  "requires": true,
  "dependencies": {
    "error-if-not-string": {
      "version": "2.0.0",
      "resolved": "https://registry.npmjs.org/error-if-not-string/-/error-if-not-string-2.0.0.tgz",
      "integrity": "sha512-KvMs6Y0ob+Vg8CQKiGTaSYdFzWMxKlZ4/L3XQ5SmlaOwRODcQLJM+rYmr+VS/zThivSeBAjWhVfl2f7J9JwNNQ=="
    }
  }
}
